dependencies:
- name: postgresql
  repository: oci://registry-1.docker.io/bitnamicharts
  version: 16.7.27
- name: ingress-nginx
  repository: https://kubernetes.github.io/ingress-nginx
  version: 4.15.1
- name: traefik
  repository: https://traefik.github.io/charts
  version: 41.4.0
- name: cert-manager
  repository: https://charts.jetstack.io
  version: v1.21.1
digest: sha256:07c0c4d1b17431ca5d801cb6a7e14ad50586bb485cb09442b1bd6cde2f147e22
generated: "2026-09-04T23:52:25.302507332Z"
