dependencies:
- name: postgresql
  repository: oci://registry-1.docker.io/bitnamicharts
  version: 16.7.27
- name: ingress-nginx
  repository: https://kubernetes.github.io/ingress-nginx
  version: 4.15.1
- name: traefik
  repository: https://traefik.github.io/charts
  version: 41.3.0
- name: cert-manager
  repository: https://charts.jetstack.io
  version: v1.21.1
digest: sha256:0bab2b021d3a365c9ded0a0ab92c962f38015c621515104808ff9affc7e1d1ac
generated: "2026-08-26T02:15:32.290230964Z"
